// !$*UTF8*$!
{
	archiveVersion = 1;
	classes = {
	};
	objectVersion = 56;
	objects = {

/* Begin PBXBuildFile section */
		9C43C221298703A400BAD019 /* CoinCellViewModel.swift in Sources */ = {isa = PBXBuildFile; fileRef = 9C43C220298703A400BAD019 /* CoinCellViewModel.swift */; };
		9C43C243298C1C6200BAD019 /* CoinsTableController + extension.swift in Sources */ = {isa = PBXBuildFile; fileRef = 9C43C242298C1C6200BAD019 /* CoinsTableController + extension.swift */; };
		9C43C245298C24FA00BAD019 /* LoginViewController + extension.swift in Sources */ = {isa = PBXBuildFile; fileRef = 9C43C244298C24FA00BAD019 /* LoginViewController + extension.swift */; };
		9C43C247298C5D2300BAD019 /* DetailsVCBuilder.swift in Sources */ = {isa = PBXBuildFile; fileRef = 9C43C246298C5D2300BAD019 /* DetailsVCBuilder.swift */; };
		9C43C249298C632500BAD019 /* DetailsVM.swift in Sources */ = {isa = PBXBuildFile; fileRef = 9C43C248298C632500BAD019 /* DetailsVM.swift */; };
		9CA581EF297AC70A00449D20 /* AppDelegate.swift in Sources */ = {isa = PBXBuildFile; fileRef = 9CA581EE297AC70A00449D20 /* AppDelegate.swift */; };
		9CA581F1297AC70A00449D20 /* SceneDelegate.swift in Sources */ = {isa = PBXBuildFile; fileRef = 9CA581F0297AC70A00449D20 /* SceneDelegate.swift */; };
		9CA581F8297AC70C00449D20 /* Assets.xcassets in Resources */ = {isa = PBXBuildFile; fileRef = 9CA581F7297AC70C00449D20 /* Assets.xcassets */; };
		9CA581FB297AC70C00449D20 /* LaunchScreen.storyboard in Resources */ = {isa = PBXBuildFile; fileRef = 9CA581F9297AC70C00449D20 /* LaunchScreen.storyboard */; };
		9CA58203297AC8F600449D20 /* NavigationController.swift in Sources */ = {isa = PBXBuildFile; fileRef = 9CA58202297AC8F600449D20 /* NavigationController.swift */; };
		9CA58205297AC9A000449D20 /* LoginViewController.swift in Sources */ = {isa = PBXBuildFile; fileRef = 9CA58204297AC9A000449D20 /* LoginViewController.swift */; };
		9CA58209297ACA0E00449D20 /* DetailsViewController.swift in Sources */ = {isa = PBXBuildFile; fileRef = 9CA58208297ACA0E00449D20 /* DetailsViewController.swift */; };
		9CA5820B297ACAA700449D20 /* ModuleBuilder.swift in Sources */ = {isa = PBXBuildFile; fileRef = 9CA5820A297ACAA700449D20 /* ModuleBuilder.swift */; };
		9CA5820E297ACE5B00449D20 /* LoginVM.swift in Sources */ = {isa = PBXBuildFile; fileRef = 9CA5820D297ACE5B00449D20 /* LoginVM.swift */; };
		9CA58210297AD45D00449D20 /* LoginVCBuilder.swift in Sources */ = {isa = PBXBuildFile; fileRef = 9CA5820F297AD45D00449D20 /* LoginVCBuilder.swift */; };
		9CA58213297AE0F500449D20 /* UIColors + colorsForApp.swift in Sources */ = {isa = PBXBuildFile; fileRef = 9CA58212297AE0F500449D20 /* UIColors + colorsForApp.swift */; };
		9CA58216297BD19400449D20 /* LoginView.swift in Sources */ = {isa = PBXBuildFile; fileRef = 9CA58215297BD19400449D20 /* LoginView.swift */; };
		9CA58219297BF7F800449D20 /* CustomUITextField.swift in Sources */ = {isa = PBXBuildFile; fileRef = 9CA58218297BF7F800449D20 /* CustomUITextField.swift */; };
		9CA5821B297C89FF00449D20 /* CustomUIButton.swift in Sources */ = {isa = PBXBuildFile; fileRef = 9CA5821A297C89FF00449D20 /* CustomUIButton.swift */; };
		9CA5821E297D2B6700449D20 /* CoinsTableViewVM.swift in Sources */ = {isa = PBXBuildFile; fileRef = 9CA5821D297D2B6700449D20 /* CoinsTableViewVM.swift */; };
		9CA58220297D2C4700449D20 /* CoinsTableController.swift in Sources */ = {isa = PBXBuildFile; fileRef = 9CA5821F297D2C4700449D20 /* CoinsTableController.swift */; };
		9CA58222297D2CAC00449D20 /* CoinsTableView.swift in Sources */ = {isa = PBXBuildFile; fileRef = 9CA58221297D2CAC00449D20 /* CoinsTableView.swift */; };
		9CA58224297D2DF100449D20 /* CoinsTableVCBuilder.swift in Sources */ = {isa = PBXBuildFile; fileRef = 9CA58223297D2DF100449D20 /* CoinsTableVCBuilder.swift */; };
		9CA58226297D377600449D20 /* UserModel.swift in Sources */ = {isa = PBXBuildFile; fileRef = 9CA58225297D377600449D20 /* UserModel.swift */; };
		9CA5822A297E712900449D20 /* CoinModel.swift in Sources */ = {isa = PBXBuildFile; fileRef = 9CA58229297E712900449D20 /* CoinModel.swift */; };
		9CA5822C297E717500449D20 /* CoinData.swift in Sources */ = {isa = PBXBuildFile; fileRef = 9CA5822B297E717500449D20 /* CoinData.swift */; };
		9CA5822E297E800A00449D20 /* CoinCell.swift in Sources */ = {isa = PBXBuildFile; fileRef = 9CA5822D297E800A00449D20 /* CoinCell.swift */; };
		9CA582322983C9F100449D20 /* Network.swift in Sources */ = {isa = PBXBuildFile; fileRef = 9CA582312983C9F100449D20 /* Network.swift */; };
		9CA582652984453800449D20 /* CenterView.swift in Sources */ = {isa = PBXBuildFile; fileRef = 9CA582642984453800449D20 /* CenterView.swift */; };
		9CA582672984454E00449D20 /* CenterView + extension.swift in Sources */ = {isa = PBXBuildFile; fileRef = 9CA582662984454E00449D20 /* CenterView + extension.swift */; };
/* End PBXBuildFile section */

/* Begin PBXFileReference section */
		9C43C220298703A400BAD019 /* CoinCellViewModel.swift */ = {isa = PBXFileReference; lastKnownFileType = sourcecode.swift; path = CoinCellViewModel.swift; sourceTree = "<group>"; };
		9C43C242298C1C6200BAD019 /* CoinsTableController + extension.swift */ = {isa = PBXFileReference; lastKnownFileType = sourcecode.swift; path = "CoinsTableController + extension.swift"; sourceTree = "<group>"; };
		9C43C244298C24FA00BAD019 /* LoginViewController + extension.swift */ = {isa = PBXFileReference; lastKnownFileType = sourcecode.swift; path = "LoginViewController + extension.swift"; sourceTree = "<group>"; };
		9C43C246298C5D2300BAD019 /* DetailsVCBuilder.swift */ = {isa = PBXFileReference; lastKnownFileType = sourcecode.swift; path = DetailsVCBuilder.swift; sourceTree = "<group>"; };
		9C43C248298C632500BAD019 /* DetailsVM.swift */ = {isa = PBXFileReference; lastKnownFileType = sourcecode.swift; path = DetailsVM.swift; sourceTree = "<group>"; };
		9CA581EB297AC70A00449D20 /* CoinsCoursework.app */ = {isa = PBXFileReference; explicitFileType = wrapper.application; includeInIndex = 0; path = CoinsCoursework.app; sourceTree = BUILT_PRODUCTS_DIR; };
		9CA581EE297AC70A00449D20 /* AppDelegate.swift */ = {isa = PBXFileReference; lastKnownFileType = sourcecode.swift; path = AppDelegate.swift; sourceTree = "<group>"; };
		9CA581F0297AC70A00449D20 /* SceneDelegate.swift */ = {isa = PBXFileReference; lastKnownFileType = sourcecode.swift; path = SceneDelegate.swift; sourceTree = "<group>"; };
		9CA581F7297AC70C00449D20 /* Assets.xcassets */ = {isa = PBXFileReference; lastKnownFileType = folder.assetcatalog; path = Assets.xcassets; sourceTree = "<group>"; };
		9CA581FA297AC70C00449D20 /* Base */ = {isa = PBXFileReference; lastKnownFileType = file.storyboard; name = Base; path = Base.lproj/LaunchScreen.storyboard; sourceTree = "<group>"; };
		9CA581FC297AC70C00449D20 /* Info.plist */ = {isa = PBXFileReference; lastKnownFileType = text.plist.xml; path = Info.plist; sourceTree = "<group>"; };
		9CA58202297AC8F600449D20 /* NavigationController.swift */ = {isa = PBXFileReference; lastKnownFileType = sourcecode.swift; path = NavigationController.swift; sourceTree = "<group>"; };
		9CA58204297AC9A000449D20 /* LoginViewController.swift */ = {isa = PBXFileReference; lastKnownFileType = sourcecode.swift; path = LoginViewController.swift; sourceTree = "<group>"; };
		9CA58208297ACA0E00449D20 /* DetailsViewController.swift */ = {isa = PBXFileReference; lastKnownFileType = sourcecode.swift; path = DetailsViewController.swift; sourceTree = "<group>"; };
		9CA5820A297ACAA700449D20 /* ModuleBuilder.swift */ = {isa = PBXFileReference; lastKnownFileType = sourcecode.swift; path = ModuleBuilder.swift; sourceTree = "<group>"; };
		9CA5820D297ACE5B00449D20 /* LoginVM.swift */ = {isa = PBXFileReference; lastKnownFileType = sourcecode.swift; path = LoginVM.swift; sourceTree = "<group>"; };
		9CA5820F297AD45D00449D20 /* LoginVCBuilder.swift */ = {isa = PBXFileReference; lastKnownFileType = sourcecode.swift; path = LoginVCBuilder.swift; sourceTree = "<group>"; };
		9CA58212297AE0F500449D20 /* UIColors + colorsForApp.swift */ = {isa = PBXFileReference; lastKnownFileType = sourcecode.swift; path = "UIColors + colorsForApp.swift"; sourceTree = "<group>"; };
		9CA58215297BD19400449D20 /* LoginView.swift */ = {isa = PBXFileReference; lastKnownFileType = sourcecode.swift; path = LoginView.swift; sourceTree = "<group>"; };
		9CA58218297BF7F800449D20 /* CustomUITextField.swift */ = {isa = PBXFileReference; lastKnownFileType = sourcecode.swift; path = CustomUITextField.swift; sourceTree = "<group>"; };
		9CA5821A297C89FF00449D20 /* CustomUIButton.swift */ = {isa = PBXFileReference; lastKnownFileType = sourcecode.swift; path = CustomUIButton.swift; sourceTree = "<group>"; };
		9CA5821D297D2B6700449D20 /* CoinsTableViewVM.swift */ = {isa = PBXFileReference; lastKnownFileType = sourcecode.swift; path = CoinsTableViewVM.swift; sourceTree = "<group>"; };
		9CA5821F297D2C4700449D20 /* CoinsTableController.swift */ = {isa = PBXFileReference; lastKnownFileType = sourcecode.swift; path = CoinsTableController.swift; sourceTree = "<group>"; };
		9CA58221297D2CAC00449D20 /* CoinsTableView.swift */ = {isa = PBXFileReference; lastKnownFileType = sourcecode.swift; path = CoinsTableView.swift; sourceTree = "<group>"; };
		9CA58223297D2DF100449D20 /* CoinsTableVCBuilder.swift */ = {isa = PBXFileReference; lastKnownFileType = sourcecode.swift; path = CoinsTableVCBuilder.swift; sourceTree = "<group>"; };
		9CA58225297D377600449D20 /* UserModel.swift */ = {isa = PBXFileReference; lastKnownFileType = sourcecode.swift; path = UserModel.swift; sourceTree = "<group>"; };
		9CA58229297E712900449D20 /* CoinModel.swift */ = {isa = PBXFileReference; lastKnownFileType = sourcecode.swift; path = CoinModel.swift; sourceTree = "<group>"; };
		9CA5822B297E717500449D20 /* CoinData.swift */ = {isa = PBXFileReference; lastKnownFileType = sourcecode.swift; path = CoinData.swift; sourceTree = "<group>"; };
		9CA5822D297E800A00449D20 /* CoinCell.swift */ = {isa = PBXFileReference; lastKnownFileType = sourcecode.swift; path = CoinCell.swift; sourceTree = "<group>"; };
		9CA582312983C9F100449D20 /* Network.swift */ = {isa = PBXFileReference; lastKnownFileType = sourcecode.swift; path = Network.swift; sourceTree = "<group>"; };
		9CA582642984453800449D20 /* CenterView.swift */ = {isa = PBXFileReference; lastKnownFileType = sourcecode.swift; path = CenterView.swift; sourceTree = "<group>"; };
		9CA582662984454E00449D20 /* CenterView + extension.swift */ = {isa = PBXFileReference; lastKnownFileType = sourcecode.swift; path = "CenterView + extension.swift"; sourceTree = "<group>"; };
/* End PBXFileReference section */

/* Begin PBXFrameworksBuildPhase section */
		9CA581E8297AC70A00449D20 /* Frameworks */ = {
			isa = PBXFrameworksBuildPhase;
			buildActionMask = 2147483647;
			files = (
			);
			runOnlyForDeploymentPostprocessing = 0;
		};
/* End PBXFrameworksBuildPhase section */

/* Begin PBXGroup section */
		9CA581E2297AC70A00449D20 = {
			isa = PBXGroup;
			children = (
				9CA581ED297AC70A00449D20 /* CoinsCoursework */,
				9CA581EC297AC70A00449D20 /* Products */,
			);
			sourceTree = "<group>";
		};
		9CA581EC297AC70A00449D20 /* Products */ = {
			isa = PBXGroup;
			children = (
				9CA581EB297AC70A00449D20 /* CoinsCoursework.app */,
			);
			name = Products;
			sourceTree = "<group>";
		};
		9CA581ED297AC70A00449D20 /* CoinsCoursework */ = {
			isa = PBXGroup;
			children = (
				9CA581EE297AC70A00449D20 /* AppDelegate.swift */,
				9CA581F0297AC70A00449D20 /* SceneDelegate.swift */,
				9CA5820A297ACAA700449D20 /* ModuleBuilder.swift */,
				9CA58202297AC8F600449D20 /* NavigationController.swift */,
				9CA58228297E70B400449D20 /* Network */,
				9CA5820C297ACE0400449D20 /* LoginVC */,
				9CA58211297AE0A000449D20 /* CoinsTableViewVC */,
				9CA582612984449F00449D20 /* TableViewCell */,
				9CA58214297AE12400449D20 /* DetailsVC */,
				9CA58227297D377C00449D20 /* Models */,
				9CA58217297BF7CC00449D20 /* UIElements + ext */,
				9CA5821C297C90CC00449D20 /* Custon UIElements inits */,
				9CA581F7297AC70C00449D20 /* Assets.xcassets */,
				9CA581F9297AC70C00449D20 /* LaunchScreen.storyboard */,
				9CA581FC297AC70C00449D20 /* Info.plist */,
			);
			path = CoinsCoursework;
			sourceTree = "<group>";
		};
		9CA5820C297ACE0400449D20 /* LoginVC */ = {
			isa = PBXGroup;
			children = (
				9CA5820F297AD45D00449D20 /* LoginVCBuilder.swift */,
				9CA58204297AC9A000449D20 /* LoginViewController.swift */,
				9C43C244298C24FA00BAD019 /* LoginViewController + extension.swift */,
				9CA58215297BD19400449D20 /* LoginView.swift */,
				9CA5820D297ACE5B00449D20 /* LoginVM.swift */,
			);
			path = LoginVC;
			sourceTree = "<group>";
		};
		9CA58211297AE0A000449D20 /* CoinsTableViewVC */ = {
			isa = PBXGroup;
			children = (
				9CA58223297D2DF100449D20 /* CoinsTableVCBuilder.swift */,
				9CA5821F297D2C4700449D20 /* CoinsTableController.swift */,
				9C43C242298C1C6200BAD019 /* CoinsTableController + extension.swift */,
				9CA58221297D2CAC00449D20 /* CoinsTableView.swift */,
				9CA5821D297D2B6700449D20 /* CoinsTableViewVM.swift */,
			);
			path = CoinsTableViewVC;
			sourceTree = "<group>";
		};
		9CA58214297AE12400449D20 /* DetailsVC */ = {
			isa = PBXGroup;
			children = (
				9C43C246298C5D2300BAD019 /* DetailsVCBuilder.swift */,
				9CA58208297ACA0E00449D20 /* DetailsViewController.swift */,
				9C43C248298C632500BAD019 /* DetailsVM.swift */,
			);
			path = DetailsVC;
			sourceTree = "<group>";
		};
		9CA58217297BF7CC00449D20 /* UIElements + ext */ = {
			isa = PBXGroup;
			children = (
				9CA58212297AE0F500449D20 /* UIColors + colorsForApp.swift */,
			);
			path = "UIElements + ext";
			sourceTree = "<group>";
		};
		9CA5821C297C90CC00449D20 /* Custon UIElements inits */ = {
			isa = PBXGroup;
			children = (
				9CA58218297BF7F800449D20 /* CustomUITextField.swift */,
				9CA5821A297C89FF00449D20 /* CustomUIButton.swift */,
			);
			path = "Custon UIElements inits";
			sourceTree = "<group>";
		};
		9CA58227297D377C00449D20 /* Models */ = {
			isa = PBXGroup;
			children = (
				9CA58225297D377600449D20 /* UserModel.swift */,
				9CA58229297E712900449D20 /* CoinModel.swift */,
				9CA5822B297E717500449D20 /* CoinData.swift */,
			);
			path = Models;
			sourceTree = "<group>";
		};
		9CA58228297E70B400449D20 /* Network */ = {
			isa = PBXGroup;
			children = (
				9CA582312983C9F100449D20 /* Network.swift */,
			);
			path = Network;
			sourceTree = "<group>";
		};
		9CA582612984449F00449D20 /* TableViewCell */ = {
			isa = PBXGroup;
			children = (
				9CA5822D297E800A00449D20 /* CoinCell.swift */,
				9CA582642984453800449D20 /* CenterView.swift */,
				9CA582662984454E00449D20 /* CenterView + extension.swift */,
				9C43C220298703A400BAD019 /* CoinCellViewModel.swift */,
			);
			path = TableViewCell;
			sourceTree = "<group>";
		};
/* End PBXGroup section */

/* Begin PBXNativeTarget section */
		9CA581EA297AC70A00449D20 /* CoinsCoursework */ = {
			isa = PBXNativeTarget;
			buildConfigurationList = 9CA581FF297AC70C00449D20 /* Build configuration list for PBXNativeTarget "CoinsCoursework" */;
			buildPhases = (
				9CA581E7297AC70A00449D20 /* Sources */,
				9CA581E8297AC70A00449D20 /* Frameworks */,
				9CA581E9297AC70A00449D20 /* Resources */,
			);
			buildRules = (
			);
			dependencies = (
			);
			name = CoinsCoursework;
			productName = CoinsCoursework;
			productReference = 9CA581EB297AC70A00449D20 /* CoinsCoursework.app */;
			productType = "com.apple.product-type.application";
		};
/* End PBXNativeTarget section */

/* Begin PBXProject section */
		9CA581E3297AC70A00449D20 /* Project object */ = {
			isa = PBXProject;
			attributes = {
				BuildIndependentTargetsInParallel = 1;
				LastSwiftUpdateCheck = 1410;
				LastUpgradeCheck = 1410;
				TargetAttributes = {
					9CA581EA297AC70A00449D20 = {
						CreatedOnToolsVersion = 14.1;
					};
				};
			};
			buildConfigurationList = 9CA581E6297AC70A00449D20 /* Build configuration list for PBXProject "CoinsCoursework" */;
			compatibilityVersion = "Xcode 14.0";
			developmentRegion = en;
			hasScannedForEncodings = 0;
			knownRegions = (
				en,
				Base,
			);
			mainGroup = 9CA581E2297AC70A00449D20;
			productRefGroup = 9CA581EC297AC70A00449D20 /* Products */;
			projectDirPath = "";
			projectRoot = "";
			targets = (
				9CA581EA297AC70A00449D20 /* CoinsCoursework */,
			);
		};
/* End PBXProject section */

/* Begin PBXResourcesBuildPhase section */
		9CA581E9297AC70A00449D20 /* Resources */ = {
			isa = PBXResourcesBuildPhase;
			buildActionMask = 2147483647;
			files = (
				9CA581FB297AC70C00449D20 /* LaunchScreen.storyboard in Resources */,
				9CA581F8297AC70C00449D20 /* Assets.xcassets in Resources */,
			);
			runOnlyForDeploymentPostprocessing = 0;
		};
/* End PBXResourcesBuildPhase section */

/* Begin PBXSourcesBuildPhase section */
		9CA581E7297AC70A00449D20 /* Sources */ = {
			isa = PBXSourcesBuildPhase;
			buildActionMask = 2147483647;
			files = (
				9CA5821B297C89FF00449D20 /* CustomUIButton.swift in Sources */,
				9C43C247298C5D2300BAD019 /* DetailsVCBuilder.swift in Sources */,
				9CA58220297D2C4700449D20 /* CoinsTableController.swift in Sources */,
				9CA58203297AC8F600449D20 /* NavigationController.swift in Sources */,
				9CA581EF297AC70A00449D20 /* AppDelegate.swift in Sources */,
				9CA58209297ACA0E00449D20 /* DetailsViewController.swift in Sources */,
				9CA582322983C9F100449D20 /* Network.swift in Sources */,
				9C43C249298C632500BAD019 /* DetailsVM.swift in Sources */,
				9CA582672984454E00449D20 /* CenterView + extension.swift in Sources */,
				9C43C243298C1C6200BAD019 /* CoinsTableController + extension.swift in Sources */,
				9C43C221298703A400BAD019 /* CoinCellViewModel.swift in Sources */,
				9CA5821E297D2B6700449D20 /* CoinsTableViewVM.swift in Sources */,
				9C43C245298C24FA00BAD019 /* LoginViewController + extension.swift in Sources */,
				9CA5822E297E800A00449D20 /* CoinCell.swift in Sources */,
				9CA5820E297ACE5B00449D20 /* LoginVM.swift in Sources */,
				9CA58219297BF7F800449D20 /* CustomUITextField.swift in Sources */,
				9CA58226297D377600449D20 /* UserModel.swift in Sources */,
				9CA58224297D2DF100449D20 /* CoinsTableVCBuilder.swift in Sources */,
				9CA58205297AC9A000449D20 /* LoginViewController.swift in Sources */,
				9CA5822C297E717500449D20 /* CoinData.swift in Sources */,
				9CA58210297AD45D00449D20 /* LoginVCBuilder.swift in Sources */,
				9CA581F1297AC70A00449D20 /* SceneDelegate.swift in Sources */,
				9CA58216297BD19400449D20 /* LoginView.swift in Sources */,
				9CA582652984453800449D20 /* CenterView.swift in Sources */,
				9CA5820B297ACAA700449D20 /* ModuleBuilder.swift in Sources */,
				9CA58213297AE0F500449D20 /* UIColors + colorsForApp.swift in Sources */,
				9CA5822A297E712900449D20 /* CoinModel.swift in Sources */,
				9CA58222297D2CAC00449D20 /* CoinsTableView.swift in Sources */,
			);
			runOnlyForDeploymentPostprocessing = 0;
		};
/* End PBXSourcesBuildPhase section */

/* Begin PBXVariantGroup section */
		9CA581F9297AC70C00449D20 /* LaunchScreen.storyboard */ = {
			isa = PBXVariantGroup;
			children = (
				9CA581FA297AC70C00449D20 /* Base */,
			);
			name = LaunchScreen.storyboard;
			sourceTree = "<group>";
		};
/* End PBXVariantGroup section */

/* Begin XCBuildConfiguration section */
		9CA581FD297AC70C00449D20 /* Debug */ = {
			isa = XCBuildConfiguration;
			buildSettings = {
				ALWAYS_SEARCH_USER_PATHS = NO;
				CLANG_ANALYZER_NONNULL = YES;
				CLANG_ANALYZER_NUMBER_OBJECT_CONVERSION = YES_AGGRESSIVE;
				CLANG_CXX_LANGUAGE_STANDARD = "gnu++20";
				CLANG_ENABLE_MODULES = YES;
				CLANG_ENABLE_OBJC_ARC = YES;
				CLANG_ENABLE_OBJC_WEAK = YES;
				CLANG_WARN_BLOCK_CAPTURE_AUTORELEASING = YES;
				CLANG_WARN_BOOL_CONVERSION = YES;
				CLANG_WARN_COMMA = YES;
				CLANG_WARN_CONSTANT_CONVERSION = YES;
				CLANG_WARN_DEPRECATED_OBJC_IMPLEMENTATIONS = YES;
				CLANG_WARN_DIRECT_OBJC_ISA_USAGE = YES_ERROR;
				CLANG_WARN_DOCUMENTATION_COMMENTS = YES;
				CLANG_WARN_EMPTY_BODY = YES;
				CLANG_WARN_ENUM_CONVERSION = YES;
				CLANG_WARN_INFINITE_RECURSION = YES;
				CLANG_WARN_INT_CONVERSION = YES;
				CLANG_WARN_NON_LITERAL_NULL_CONVERSION = YES;
				CLANG_WARN_OBJC_IMPLICIT_RETAIN_SELF = YES;
				CLANG_WARN_OBJC_LITERAL_CONVERSION = YES;
				CLANG_WARN_OBJC_ROOT_CLASS = YES_ERROR;
				CLANG_WARN_QUOTED_INCLUDE_IN_FRAMEWORK_HEADER = YES;
				CLANG_WARN_RANGE_LOOP_ANALYSIS = YES;
				CLANG_WARN_STRICT_PROTOTYPES = YES;
				CLANG_WARN_SUSPICIOUS_MOVE = YES;
				CLANG_WARN_UNGUARDED_AVAILABILITY = YES_AGGRESSIVE;
				CLANG_WARN_UNREACHABLE_CODE = YES;
				CLANG_WARN__DUPLICATE_METHOD_MATCH = YES;
				COPY_PHASE_STRIP = NO;
				DEBUG_INFORMATION_FORMAT = dwarf;
				ENABLE_STRICT_OBJC_MSGSEND = YES;
				ENABLE_TESTABILITY = YES;
				GCC_C_LANGUAGE_STANDARD = gnu11;
				GCC_DYNAMIC_NO_PIC = NO;
				GCC_NO_COMMON_BLOCKS = YES;
				GCC_OPTIMIZATION_LEVEL = 0;
				GCC_PREPROCESSOR_DEFINITIONS = (
					"DEBUG=1",
					"$(inherited)",
				);
				GCC_WARN_64_TO_32_BIT_CONVERSION = YES;
				GCC_WARN_ABOUT_RETURN_TYPE = YES_ERROR;
				GCC_WARN_UNDECLARED_SELECTOR = YES;
				GCC_WARN_UNINITIALIZED_AUTOS = YES_AGGRESSIVE;
				GCC_WARN_UNUSED_FUNCTION = YES;
				GCC_WARN_UNUSED_VARIABLE = YES;
				IPHONEOS_DEPLOYMENT_TARGET = 16.1;
				MTL_ENABLE_DEBUG_INFO = INCLUDE_SOURCE;
				MTL_FAST_MATH = YES;
				ONLY_ACTIVE_ARCH = YES;
				SDKROOT = iphoneos;
				SWIFT_ACTIVE_COMPILATION_CONDITIONS = DEBUG;
				SWIFT_OPTIMIZATION_LEVEL = "-Onone";
			};
			name = Debug;
		};
		9CA581FE297AC70C00449D20 /* Release */ = {
			isa = XCBuildConfiguration;
			buildSettings = {
				ALWAYS_SEARCH_USER_PATHS = NO;
				CLANG_ANALYZER_NONNULL = YES;
				CLANG_ANALYZER_NUMBER_OBJECT_CONVERSION = YES_AGGRESSIVE;
				CLANG_CXX_LANGUAGE_STANDARD = "gnu++20";
				CLANG_ENABLE_MODULES = YES;
				CLANG_ENABLE_OBJC_ARC = YES;
				CLANG_ENABLE_OBJC_WEAK = YES;
				CLANG_WARN_BLOCK_CAPTURE_AUTORELEASING = YES;
				CLANG_WARN_BOOL_CONVERSION = YES;
				CLANG_WARN_COMMA = YES;
				CLANG_WARN_CONSTANT_CONVERSION = YES;
				CLANG_WARN_DEPRECATED_OBJC_IMPLEMENTATIONS = YES;
				CLANG_WARN_DIRECT_OBJC_ISA_USAGE = YES_ERROR;
				CLANG_WARN_DOCUMENTATION_COMMENTS = YES;
				CLANG_WARN_EMPTY_BODY = YES;
				CLANG_WARN_ENUM_CONVERSION = YES;
				CLANG_WARN_INFINITE_RECURSION = YES;
				CLANG_WARN_INT_CONVERSION = YES;
				CLANG_WARN_NON_LITERAL_NULL_CONVERSION = YES;
				CLANG_WARN_OBJC_IMPLICIT_RETAIN_SELF = YES;
				CLANG_WARN_OBJC_LITERAL_CONVERSION = YES;
				CLANG_WARN_OBJC_ROOT_CLASS = YES_ERROR;
				CLANG_WARN_QUOTED_INCLUDE_IN_FRAMEWORK_HEADER = YES;
				CLANG_WARN_RANGE_LOOP_ANALYSIS = YES;
				CLANG_WARN_STRICT_PROTOTYPES = YES;
				CLANG_WARN_SUSPICIOUS_MOVE = YES;
				CLANG_WARN_UNGUARDED_AVAILABILITY = YES_AGGRESSIVE;
				CLANG_WARN_UNREACHABLE_CODE = YES;
				CLANG_WARN__DUPLICATE_METHOD_MATCH = YES;
				COPY_PHASE_STRIP = NO;
				DEBUG_INFORMATION_FORMAT = "dwarf-with-dsym";
				ENABLE_NS_ASSERTIONS = NO;
				ENABLE_STRICT_OBJC_MSGSEND = YES;
				GCC_C_LANGUAGE_STANDARD = gnu11;
				GCC_NO_COMMON_BLOCKS = YES;
				GCC_WARN_64_TO_32_BIT_CONVERSION = YES;
				GCC_WARN_ABOUT_RETURN_TYPE = YES_ERROR;
				GCC_WARN_UNDECLARED_SELECTOR = YES;
				GCC_WARN_UNINITIALIZED_AUTOS = YES_AGGRESSIVE;
				GCC_WARN_UNUSED_FUNCTION = YES;
				GCC_WARN_UNUSED_VARIABLE = YES;
				IPHONEOS_DEPLOYMENT_TARGET = 16.1;
				MTL_ENABLE_DEBUG_INFO = NO;
				MTL_FAST_MATH = YES;
				SDKROOT = iphoneos;
				SWIFT_COMPILATION_MODE = wholemodule;
				SWIFT_OPTIMIZATION_LEVEL = "-O";
				VALIDATE_PRODUCT = YES;
			};
			name = Release;
		};
		9CA58200297AC70C00449D20 /* Debug */ = {
			isa = XCBuildConfiguration;
			buildSettings = {
				ASSETCATALOG_COMPILER_APPICON_NAME = AppIcon;
				ASSETCATALOG_COMPILER_GLOBAL_ACCENT_COLOR_NAME = AccentColor;
				CODE_SIGN_STYLE = Automatic;
				CURRENT_PROJECT_VERSION = 1;
				DEVELOPMENT_TEAM = R9MZB3HY3K;
				GENERATE_INFOPLIST_FILE = YES;
				INFOPLIST_FILE = CoinsCoursework/Info.plist;
				INFOPLIST_KEY_UIApplicationSupportsIndirectInputEvents = YES;
				INFOPLIST_KEY_UILaunchStoryboardName = LaunchScreen;
				INFOPLIST_KEY_UISupportedInterfaceOrientations_iPad = "UIInterfaceOrientationPortrait UIInterfaceOrientationPortraitUpsideDown UIInterfaceOrientationLandscapeLeft UIInterfaceOrientationLandscapeRight";
				INFOPLIST_KEY_UISupportedInterfaceOrientations_iPhone = "UIInterfaceOrientationPortrait UIInterfaceOrientationLandscapeLeft UIInterfaceOrientationLandscapeRight";
				LD_RUNPATH_SEARCH_PATHS = (
					"$(inherited)",
					"@executable_path/Frameworks",
				);
				MARKETING_VERSION = 1.0;
				PRODUCT_BUNDLE_IDENTIFIER = com.HelgaPsycho.CoinsCoursework;
				PRODUCT_NAME = "$(TARGET_NAME)";
				SWIFT_EMIT_LOC_STRINGS = YES;
				SWIFT_VERSION = 5.0;
				TARGETED_DEVICE_FAMILY = "1,2";
			};
			name = Debug;
		};
		9CA58201297AC70C00449D20 /* Release */ = {
			isa = XCBuildConfiguration;
			buildSettings = {
				ASSETCATALOG_COMPILER_APPICON_NAME = AppIcon;
				ASSETCATALOG_COMPILER_GLOBAL_ACCENT_COLOR_NAME = AccentColor;
				CODE_SIGN_STYLE = Automatic;
				CURRENT_PROJECT_VERSION = 1;
				DEVELOPMENT_TEAM = R9MZB3HY3K;
				GENERATE_INFOPLIST_FILE = YES;
				INFOPLIST_FILE = CoinsCoursework/Info.plist;
				INFOPLIST_KEY_UIApplicationSupportsIndirectInputEvents = YES;
				INFOPLIST_KEY_UILaunchStoryboardName = LaunchScreen;
				INFOPLIST_KEY_UISupportedInterfaceOrientations_iPad = "UIInterfaceOrientationPortrait UIInterfaceOrientationPortraitUpsideDown UIInterfaceOrientationLandscapeLeft UIInterfaceOrientationLandscapeRight";
				INFOPLIST_KEY_UISupportedInterfaceOrientations_iPhone = "UIInterfaceOrientationPortrait UIInterfaceOrientationLandscapeLeft UIInterfaceOrientationLandscapeRight";
				LD_RUNPATH_SEARCH_PATHS = (
					"$(inherited)",
					"@executable_path/Frameworks",
				);
				MARKETING_VERSION = 1.0;
				PRODUCT_BUNDLE_IDENTIFIER = com.HelgaPsycho.CoinsCoursework;
				PRODUCT_NAME = "$(TARGET_NAME)";
				SWIFT_EMIT_LOC_STRINGS = YES;
				SWIFT_VERSION = 5.0;
				TARGETED_DEVICE_FAMILY = "1,2";
			};
			name = Release;
		};
/* End XCBuildConfiguration section */

/* Begin XCConfigurationList section */
		9CA581E6297AC70A00449D20 /* Build configuration list for PBXProject "CoinsCoursework" */ = {
			isa = XCConfigurationList;
			buildConfigurations = (
				9CA581FD297AC70C00449D20 /* Debug */,
				9CA581FE297AC70C00449D20 /* Release */,
			);
			defaultConfigurationIsVisible = 0;
			defaultConfigurationName = Release;
		};
		9CA581FF297AC70C00449D20 /* Build configuration list for PBXNativeTarget "CoinsCoursework" */ = {
			isa = XCConfigurationList;
			buildConfigurations = (
				9CA58200297AC70C00449D20 /* Debug */,
				9CA58201297AC70C00449D20 /* Release */,
			);
			defaultConfigurationIsVisible = 0;
			defaultConfigurationName = Release;
		};
/* End XCConfigurationList section */
	};
	rootObject = 9CA581E3297AC70A00449D20 /* Project object */;
}
